
Microsoft Visual Studio Solution File, Format Version 12.00
# Visual Studio 15
VisualStudioVersion = 15.0.28010.2046
MinimumVisualStudioVersion = 10.0.40219.1
Project("{FAE04EC0-301F-11D3-BF4B-00C04F79EFBC}") = "14-CRUDPersonas-UI", "14-CRUDPersonas-UWP\14-CRUDPersonas-UI.csproj", "{C27FC28D-A3E8-48CB-83B4-B2DC62407152}"
EndProject
Project("{FAE04EC0-301F-11D3-BF4B-00C04F79EFBC}") = "14-CRUPPersonas-DAL", "14-CRUPPersonas-DAL\14-CRUPPersonas-DAL.csproj", "{0B51ECA6-1B03-4BB0-B4CE-49E08B5FFD61}"
EndProject
Project("{FAE04EC0-301F-11D3-BF4B-00C04F79EFBC}") = "14-CRUPPersonas-BL", "14-CRUPPersonas-BL\14-CRUPPersonas-BL.csproj", "{2E6791B0-B546-4DAB-98A4-BF2862411499}"
EndProject
Project("{FAE04EC0-301F-11D3-BF4B-00C04F79EFBC}") = "14-CRUPPersonas-Entities", "14-CRUPPersonas-Entities\14-CRUPPersonas-Entities.csproj", "{3716261C-8AFE-4F92-BE87-FB24A02A16AE}"
EndProject
Global
	GlobalSection(SolutionConfigurationPlatforms) = preSolution
		Debug|Any CPU = Debug|Any CPU
		Debug|ARM = Debug|ARM
		Debug|x64 = Debug|x64
		Debug|x86 = Debug|x86
		Release|Any CPU = Release|Any CPU
		Release|ARM = Release|ARM
		Release|x64 = Release|x64
		Release|x86 = Release|x86
	EndGlobalSection
	GlobalSection(ProjectConfigurationPlatforms) = postSolution
		{C27FC28D-A3E8-48CB-83B4-B2DC62407152}.Debug|Any CPU.ActiveCfg = Debug|x86
		{C27FC28D-A3E8-48CB-83B4-B2DC62407152}.Debug|ARM.ActiveCfg = Debug|ARM
		{C27FC28D-A3E8-48CB-83B4-B2DC62407152}.Debug|ARM.Build.0 = Debug|ARM
		{C27FC28D-A3E8-48CB-83B4-B2DC62407152}.Debug|ARM.Deploy.0 = Debug|ARM
		{C27FC28D-A3E8-48CB-83B4-B2DC62407152}.Debug|x64.ActiveCfg = Debug|x64
		{C27FC28D-A3E8-48CB-83B4-B2DC62407152}.Debug|x64.Build.0 = Debug|x64
		{C27FC28D-A3E8-48CB-83B4-B2DC62407152}.Debug|x64.Deploy.0 = Debug|x64
		{C27FC28D-A3E8-48CB-83B4-B2DC62407152}.Debug|x86.ActiveCfg = Debug|x86
		{C27FC28D-A3E8-48CB-83B4-B2DC62407152}.Debug|x86.Build.0 = Debug|x86
		{C27FC28D-A3E8-48CB-83B4-B2DC62407152}.Debug|x86.Deploy.0 = Debug|x86
		{C27FC28D-A3E8-48CB-83B4-B2DC62407152}.Release|Any CPU.ActiveCfg = Release|x86
		{C27FC28D-A3E8-48CB-83B4-B2DC62407152}.Release|ARM.ActiveCfg = Release|ARM
		{C27FC28D-A3E8-48CB-83B4-B2DC62407152}.Release|ARM.Build.0 = Release|ARM
		{C27FC28D-A3E8-48CB-83B4-B2DC62407152}.Release|ARM.Deploy.0 = Release|ARM
		{C27FC28D-A3E8-48CB-83B4-B2DC62407152}.Release|x64.ActiveCfg = Release|x64
		{C27FC28D-A3E8-48CB-83B4-B2DC62407152}.Release|x64.Build.0 = Release|x64
		{C27FC28D-A3E8-48CB-83B4-B2DC62407152}.Release|x64.Deploy.0 = Release|x64
		{C27FC28D-A3E8-48CB-83B4-B2DC62407152}.Release|x86.ActiveCfg = Release|x86
		{C27FC28D-A3E8-48CB-83B4-B2DC62407152}.Release|x86.Build.0 = Release|x86
		{C27FC28D-A3E8-48CB-83B4-B2DC62407152}.Release|x86.Deploy.0 = Release|x86
		{0B51ECA6-1B03-4BB0-B4CE-49E08B5FFD61}.Debug|Any CPU.ActiveCfg = Debug|Any CPU
		{0B51ECA6-1B03-4BB0-B4CE-49E08B5FFD61}.Debug|Any CPU.Build.0 = Debug|Any CPU
		{0B51ECA6-1B03-4BB0-B4CE-49E08B5FFD61}.Debug|ARM.ActiveCfg = Debug|ARM
		{0B51ECA6-1B03-4BB0-B4CE-49E08B5FFD61}.Debug|ARM.Build.0 = Debug|ARM
		{0B51ECA6-1B03-4BB0-B4CE-49E08B5FFD61}.Debug|x64.ActiveCfg = Debug|x64
		{0B51ECA6-1B03-4BB0-B4CE-49E08B5FFD61}.Debug|x64.Build.0 = Debug|x64
		{0B51ECA6-1B03-4BB0-B4CE-49E08B5FFD61}.Debug|x86.ActiveCfg = Debug|x86
		{0B51ECA6-1B03-4BB0-B4CE-49E08B5FFD61}.Debug|x86.Build.0 = Debug|x86
		{0B51ECA6-1B03-4BB0-B4CE-49E08B5FFD61}.Release|Any CPU.ActiveCfg = Release|Any CPU
		{0B51ECA6-1B03-4BB0-B4CE-49E08B5FFD61}.Release|Any CPU.Build.0 = Release|Any CPU
		{0B51ECA6-1B03-4BB0-B4CE-49E08B5FFD61}.Release|ARM.ActiveCfg = Release|ARM
		{0B51ECA6-1B03-4BB0-B4CE-49E08B5FFD61}.Release|ARM.Build.0 = Release|ARM
		{0B51ECA6-1B03-4BB0-B4CE-49E08B5FFD61}.Release|x64.ActiveCfg = Release|x64
		{0B51ECA6-1B03-4BB0-B4CE-49E08B5FFD61}.Release|x64.Build.0 = Release|x64
		{0B51ECA6-1B03-4BB0-B4CE-49E08B5FFD61}.Release|x86.ActiveCfg = Release|x86
		{0B51ECA6-1B03-4BB0-B4CE-49E08B5FFD61}.Release|x86.Build.0 = Release|x86
		{2E6791B0-B546-4DAB-98A4-BF2862411499}.Debug|Any CPU.ActiveCfg = Debug|Any CPU
		{2E6791B0-B546-4DAB-98A4-BF2862411499}.Debug|Any CPU.Build.0 = Debug|Any CPU
		{2E6791B0-B546-4DAB-98A4-BF2862411499}.Debug|ARM.ActiveCfg = Debug|ARM
		{2E6791B0-B546-4DAB-98A4-BF2862411499}.Debug|ARM.Build.0 = Debug|ARM
		{2E6791B0-B546-4DAB-98A4-BF2862411499}.Debug|x64.ActiveCfg = Debug|x64
		{2E6791B0-B546-4DAB-98A4-BF2862411499}.Debug|x64.Build.0 = Debug|x64
		{2E6791B0-B546-4DAB-98A4-BF2862411499}.Debug|x86.ActiveCfg = Debug|x86
		{2E6791B0-B546-4DAB-98A4-BF2862411499}.Debug|x86.Build.0 = Debug|x86
		{2E6791B0-B546-4DAB-98A4-BF2862411499}.Release|Any CPU.ActiveCfg = Release|Any CPU
		{2E6791B0-B546-4DAB-98A4-BF2862411499}.Release|Any CPU.Build.0 = Release|Any CPU
		{2E6791B0-B546-4DAB-98A4-BF2862411499}.Release|ARM.ActiveCfg = Release|ARM
		{2E6791B0-B546-4DAB-98A4-BF2862411499}.Release|ARM.Build.0 = Release|ARM
		{2E6791B0-B546-4DAB-98A4-BF2862411499}.Release|x64.ActiveCfg = Release|x64
		{2E6791B0-B546-4DAB-98A4-BF2862411499}.Release|x64.Build.0 = Release|x64
		{2E6791B0-B546-4DAB-98A4-BF2862411499}.Release|x86.ActiveCfg = Release|x86
		{2E6791B0-B546-4DAB-98A4-BF2862411499}.Release|x86.Build.0 = Release|x86
		{3716261C-8AFE-4F92-BE87-FB24A02A16AE}.Debug|Any CPU.ActiveCfg = Debug|Any CPU
		{3716261C-8AFE-4F92-BE87-FB24A02A16AE}.Debug|Any CPU.Build.0 = Debug|Any CPU
		{3716261C-8AFE-4F92-BE87-FB24A02A16AE}.Debug|ARM.ActiveCfg = Debug|ARM
		{3716261C-8AFE-4F92-BE87-FB24A02A16AE}.Debug|ARM.Build.0 = Debug|ARM
		{3716261C-8AFE-4F92-BE87-FB24A02A16AE}.Debug|x64.ActiveCfg = Debug|x64
		{3716261C-8AFE-4F92-BE87-FB24A02A16AE}.Debug|x64.Build.0 = Debug|x64
		{3716261C-8AFE-4F92-BE87-FB24A02A16AE}.Debug|x86.ActiveCfg = Debug|x86
		{3716261C-8AFE-4F92-BE87-FB24A02A16AE}.Debug|x86.Build.0 = Debug|x86
		{3716261C-8AFE-4F92-BE87-FB24A02A16AE}.Release|Any CPU.ActiveCfg = Release|Any CPU
		{3716261C-8AFE-4F92-BE87-FB24A02A16AE}.Release|Any CPU.Build.0 = Release|Any CPU
		{3716261C-8AFE-4F92-BE87-FB24A02A16AE}.Release|ARM.ActiveCfg = Release|ARM
		{3716261C-8AFE-4F92-BE87-FB24A02A16AE}.Release|ARM.Build.0 = Release|ARM
		{3716261C-8AFE-4F92-BE87-FB24A02A16AE}.Release|x64.ActiveCfg = Release|x64
		{3716261C-8AFE-4F92-BE87-FB24A02A16AE}.Release|x64.Build.0 = Release|x64
		{3716261C-8AFE-4F92-BE87-FB24A02A16AE}.Release|x86.ActiveCfg = Release|x86
		{3716261C-8AFE-4F92-BE87-FB24A02A16AE}.Release|x86.Build.0 = Release|x86
	EndGlobalSection
	GlobalSection(SolutionProperties) = preSolution
		HideSolutionNode = FALSE
	EndGlobalSection
	GlobalSection(ExtensibilityGlobals) = postSolution
		SolutionGuid = {DEA33196-2D20-43BF-860D-780CFE81F7F2}
	EndGlobalSection
EndGlobal
